
Microsoft Visual Studio Solution File, Format Version 12.00
# Visual Studio Version 17
VisualStudioVersion = 17.9.34902.65
MinimumVisualStudioVersion = 10.0.40219.1
Project("{8BC9CEB8-8B4A-11D0-8D11-00A0C91BC942}") = "GameServer", "GameServer\GameServer.vcxproj", "{56BB635B-D4F8-4C3B-B713-2D5972968892}"
EndProject
Project("{8BC9CEB8-8B4A-11D0-8D11-00A0C91BC942}") = "DummyClient", "DummyClient\DummyClient.vcxproj", "{A73E23BB-9333-4145-A4FA-154F59C0140B}"
EndProject
Project("{8BC9CEB8-8B4A-11D0-8D11-00A0C91BC942}") = "ServerCore", "ServerCore\ServerCore.vcxproj", "{CEBC1AA7-193D-488A-93E9-7F08BF496D98}"
EndProject
Project("{2150E333-8FDC-42A3-9474-1A3956D46DE8}") = "Tools", "Tools", "{C8D5274F-AC00-46C7-1F8D-E88E81087A52}"
EndProject
Project("{888888A0-9F3D-457C-B088-3A5042F75D52}") = "PacketGenerator", "Tools\PacketGenerator\PacketGenerator.pyproj", "{2DA94548-119F-4D91-AD8D-D7D4C6D203ED}"
EndProject
Project("{2150E333-8FDC-42A3-9474-1A3956D46DE8}") = "Project", "Project", "{A5B39E91-209D-413C-9207-4F09EE8914AD}"
EndProject
Global
	GlobalSection(SolutionConfigurationPlatforms) = preSolution
		Debug|Any CPU = Debug|Any CPU
		Debug|x64 = Debug|x64
		Debug|x86 = Debug|x86
		Release|Any CPU = Release|Any CPU
		Release|x64 = Release|x64
		Release|x86 = Release|x86
	EndGlobalSection
	GlobalSection(ProjectConfigurationPlatforms) = postSolution
		{56BB635B-D4F8-4C3B-B713-2D5972968892}.Debug|Any CPU.ActiveCfg = Debug|x64
		{56BB635B-D4F8-4C3B-B713-2D5972968892}.Debug|Any CPU.Build.0 = Debug|x64
		{56BB635B-D4F8-4C3B-B713-2D5972968892}.Debug|x64.ActiveCfg = Debug|x64
		{56BB635B-D4F8-4C3B-B713-2D5972968892}.Debug|x64.Build.0 = Debug|x64
		{56BB635B-D4F8-4C3B-B713-2D5972968892}.Debug|x86.ActiveCfg = Debug|Win32
		{56BB635B-D4F8-4C3B-B713-2D5972968892}.Debug|x86.Build.0 = Debug|Win32
		{56BB635B-D4F8-4C3B-B713-2D5972968892}.Release|Any CPU.ActiveCfg = Release|x64
		{56BB635B-D4F8-4C3B-B713-2D5972968892}.Release|Any CPU.Build.0 = Release|x64
		{56BB635B-D4F8-4C3B-B713-2D5972968892}.Release|x64.ActiveCfg = Release|x64
		{56BB635B-D4F8-4C3B-B713-2D5972968892}.Release|x64.Build.0 = Release|x64
		{56BB635B-D4F8-4C3B-B713-2D5972968892}.Release|x86.ActiveCfg = Release|Win32
		{56BB635B-D4F8-4C3B-B713-2D5972968892}.Release|x86.Build.0 = Release|Win32
		{A73E23BB-9333-4145-A4FA-154F59C0140B}.Debug|Any CPU.ActiveCfg = Debug|x64
		{A73E23BB-9333-4145-A4FA-154F59C0140B}.Debug|Any CPU.Build.0 = Debug|x64
		{A73E23BB-9333-4145-A4FA-154F59C0140B}.Debug|x64.ActiveCfg = Debug|x64
		{A73E23BB-9333-4145-A4FA-154F59C0140B}.Debug|x64.Build.0 = Debug|x64
		{A73E23BB-9333-4145-A4FA-154F59C0140B}.Debug|x86.ActiveCfg = Debug|Win32
		{A73E23BB-9333-4145-A4FA-154F59C0140B}.Debug|x86.Build.0 = Debug|Win32
		{A73E23BB-9333-4145-A4FA-154F59C0140B}.Release|Any CPU.ActiveCfg = Release|x64
		{A73E23BB-9333-4145-A4FA-154F59C0140B}.Release|Any CPU.Build.0 = Release|x64
		{A73E23BB-9333-4145-A4FA-154F59C0140B}.Release|x64.ActiveCfg = Release|x64
		{A73E23BB-9333-4145-A4FA-154F59C0140B}.Release|x64.Build.0 = Release|x64
		{A73E23BB-9333-4145-A4FA-154F59C0140B}.Release|x86.ActiveCfg = Release|Win32
		{A73E23BB-9333-4145-A4FA-154F59C0140B}.Release|x86.Build.0 = Release|Win32
		{CEBC1AA7-193D-488A-93E9-7F08BF496D98}.Debug|Any CPU.ActiveCfg = Debug|x64
		{CEBC1AA7-193D-488A-93E9-7F08BF496D98}.Debug|Any CPU.Build.0 = Debug|x64
		{CEBC1AA7-193D-488A-93E9-7F08BF496D98}.Debug|x64.ActiveCfg = Debug|x64
		{CEBC1AA7-193D-488A-93E9-7F08BF496D98}.Debug|x64.Build.0 = Debug|x64
		{CEBC1AA7-193D-488A-93E9-7F08BF496D98}.Debug|x86.ActiveCfg = Debug|Win32
		{CEBC1AA7-193D-488A-93E9-7F08BF496D98}.Debug|x86.Build.0 = Debug|Win32
		{CEBC1AA7-193D-488A-93E9-7F08BF496D98}.Release|Any CPU.ActiveCfg = Release|x64
		{CEBC1AA7-193D-488A-93E9-7F08BF496D98}.Release|Any CPU.Build.0 = Release|x64
		{CEBC1AA7-193D-488A-93E9-7F08BF496D98}.Release|x64.ActiveCfg = Release|x64
		{CEBC1AA7-193D-488A-93E9-7F08BF496D98}.Release|x64.Build.0 = Release|x64
		{CEBC1AA7-193D-488A-93E9-7F08BF496D98}.Release|x86.ActiveCfg = Release|Win32
		{CEBC1AA7-193D-488A-93E9-7F08BF496D98}.Release|x86.Build.0 = Release|Win32
		{2DA94548-119F-4D91-AD8D-D7D4C6D203ED}.Debug|Any CPU.ActiveCfg = Debug|Any CPU
		{2DA94548-119F-4D91-AD8D-D7D4C6D203ED}.Debug|x64.ActiveCfg = Debug|Any CPU
		{2DA94548-119F-4D91-AD8D-D7D4C6D203ED}.Debug|x86.ActiveCfg = Debug|Any CPU
		{2DA94548-119F-4D91-AD8D-D7D4C6D203ED}.Release|Any CPU.ActiveCfg = Release|Any CPU
		{2DA94548-119F-4D91-AD8D-D7D4C6D203ED}.Release|x64.ActiveCfg = Release|Any CPU
		{2DA94548-119F-4D91-AD8D-D7D4C6D203ED}.Release|x86.ActiveCfg = Release|Any CPU
	EndGlobalSection
	GlobalSection(SolutionProperties) = preSolution
		HideSolutionNode = FALSE
	EndGlobalSection
	GlobalSection(NestedProjects) = preSolution
		{56BB635B-D4F8-4C3B-B713-2D5972968892} = {A5B39E91-209D-413C-9207-4F09EE8914AD}
		{A73E23BB-9333-4145-A4FA-154F59C0140B} = {A5B39E91-209D-413C-9207-4F09EE8914AD}
		{CEBC1AA7-193D-488A-93E9-7F08BF496D98} = {A5B39E91-209D-413C-9207-4F09EE8914AD}
		{2DA94548-119F-4D91-AD8D-D7D4C6D203ED} = {C8D5274F-AC00-46C7-1F8D-E88E81087A52}
	EndGlobalSection
	GlobalSection(ExtensibilityGlobals) = postSolution
		SolutionGuid = {9503C917-02FA-4DD7-9238-9D7F143383C8}
	EndGlobalSection
EndGlobal
